// !$*UTF8*$!
{
	archiveVersion = 1;
	classes = {
	};
	objectVersion = 56;
	objects = {

/* Begin PBXBuildFile section */
		4A5B940B2A92F5E70062E1B2 /* AppDelegate.swift in Sources */ = {isa = PBXBuildFile; fileRef = 4A5B940A2A92F5E70062E1B2 /* AppDelegate.swift */; };
		4A5B940D2A92F5E70062E1B2 /* SceneDelegate.swift in Sources */ = {isa = PBXBuildFile; fileRef = 4A5B940C2A92F5E70062E1B2 /* SceneDelegate.swift */; };
		4A5B940F2A92F5E70062E1B2 /* ViewController.swift in Sources */ = {isa = PBXBuildFile; fileRef = 4A5B940E2A92F5E70062E1B2 /* ViewController.swift */; };
		4A5B94142A92F5E80062E1B2 /* Assets.xcassets in Resources */ = {isa = PBXBuildFile; fileRef = 4A5B94132A92F5E80062E1B2 /* Assets.xcassets */; };
		4A5B94172A92F5E80062E1B2 /* LaunchScreen.storyboard in Resources */ = {isa = PBXBuildFile; fileRef = 4A5B94152A92F5E80062E1B2 /* LaunchScreen.storyboard */; };
		4A5B94292A93BE460062E1B2 /* Common in Frameworks */ = {isa = PBXBuildFile; productRef = 4A5B94282A93BE460062E1B2 /* Common */; };
		4A5B942B2A93BE460062E1B2 /* Detail in Frameworks */ = {isa = PBXBuildFile; productRef = 4A5B942A2A93BE460062E1B2 /* Detail */; };
		4A5B942D2A93BE460062E1B2 /* Home in Frameworks */ = {isa = PBXBuildFile; productRef = 4A5B942C2A93BE460062E1B2 /* Home */; };
/* End PBXBuildFile section */

/* Begin PBXFileReference section */
		4A5B94072A92F5E70062E1B2 /* MovieDB-Modular-VIPER.app */ = {isa = PBXFileReference; explicitFileType = wrapper.application; includeInIndex = 0; path = "MovieDB-Modular-VIPER.app"; sourceTree = BUILT_PRODUCTS_DIR; };
		4A5B940A2A92F5E70062E1B2 /* AppDelegate.swift */ = {isa = PBXFileReference; lastKnownFileType = sourcecode.swift; path = AppDelegate.swift; sourceTree = "<group>"; };
		4A5B940C2A92F5E70062E1B2 /* SceneDelegate.swift */ = {isa = PBXFileReference; lastKnownFileType = sourcecode.swift; path = SceneDelegate.swift; sourceTree = "<group>"; };
		4A5B940E2A92F5E70062E1B2 /* ViewController.swift */ = {isa = PBXFileReference; lastKnownFileType = sourcecode.swift; path = ViewController.swift; sourceTree = "<group>"; };
		4A5B94132A92F5E80062E1B2 /* Assets.xcassets */ = {isa = PBXFileReference; lastKnownFileType = folder.assetcatalog; path = Assets.xcassets; sourceTree = "<group>"; };
		4A5B94162A92F5E80062E1B2 /* Base */ = {isa = PBXFileReference; lastKnownFileType = file.storyboard; name = Base; path = Base.lproj/LaunchScreen.storyboard; sourceTree = "<group>"; };
		4A5B94182A92F5E80062E1B2 /* Info.plist */ = {isa = PBXFileReference; lastKnownFileType = text.plist.xml; path = Info.plist; sourceTree = "<group>"; };
		4A5B94222A92F9840062E1B2 /* Home */ = {isa = PBXFileReference; lastKnownFileType = wrapper; name = Home; path = "MovieDB-Modular-VIPER/Feature/Home"; sourceTree = "<group>"; };
		4A5B94232A92F9DF0062E1B2 /* Detail */ = {isa = PBXFileReference; lastKnownFileType = wrapper; name = Detail; path = "MovieDB-Modular-VIPER/Feature/Detail"; sourceTree = "<group>"; };
		4A5B94262A93B2930062E1B2 /* Common */ = {isa = PBXFileReference; lastKnownFileType = wrapper; name = Common; path = "MovieDB-Modular-VIPER/Feature/Common"; sourceTree = "<group>"; };
/* End PBXFileReference section */

/* Begin PBXFrameworksBuildPhase section */
		4A5B94042A92F5E70062E1B2 /* Frameworks */ = {
			isa = PBXFrameworksBuildPhase;
			buildActionMask = 2147483647;
			files = (
				4A5B94292A93BE460062E1B2 /* Common in Frameworks */,
				4A5B942B2A93BE460062E1B2 /* Detail in Frameworks */,
				4A5B942D2A93BE460062E1B2 /* Home in Frameworks */,
			);
			runOnlyForDeploymentPostprocessing = 0;
		};
/* End PBXFrameworksBuildPhase section */

/* Begin PBXGroup section */
		4A5B93FE2A92F5E70062E1B2 = {
			isa = PBXGroup;
			children = (
				4A5B94202A92F9120062E1B2 /* Packages */,
				4A5B94092A92F5E70062E1B2 /* MovieDB-Modular-VIPER */,
				4A5B94082A92F5E70062E1B2 /* Products */,
				4A5B94272A93BE460062E1B2 /* Frameworks */,
			);
			sourceTree = "<group>";
		};
		4A5B94082A92F5E70062E1B2 /* Products */ = {
			isa = PBXGroup;
			children = (
				4A5B94072A92F5E70062E1B2 /* MovieDB-Modular-VIPER.app */,
			);
			name = Products;
			sourceTree = "<group>";
		};
		4A5B94092A92F5E70062E1B2 /* MovieDB-Modular-VIPER */ = {
			isa = PBXGroup;
			children = (
				4A5B94252A93A7B90062E1B2 /* Resource */,
				4A5B94242A93A7A40062E1B2 /* App */,
				4A5B94182A92F5E80062E1B2 /* Info.plist */,
			);
			path = "MovieDB-Modular-VIPER";
			sourceTree = "<group>";
		};
		4A5B94202A92F9120062E1B2 /* Packages */ = {
			isa = PBXGroup;
			children = (
				4A5B94262A93B2930062E1B2 /* Common */,
				4A5B94222A92F9840062E1B2 /* Home */,
				4A5B94232A92F9DF0062E1B2 /* Detail */,
			);
			name = Packages;
			sourceTree = "<group>";
		};
		4A5B94242A93A7A40062E1B2 /* App */ = {
			isa = PBXGroup;
			children = (
				4A5B940A2A92F5E70062E1B2 /* AppDelegate.swift */,
				4A5B940C2A92F5E70062E1B2 /* SceneDelegate.swift */,
				4A5B940E2A92F5E70062E1B2 /* ViewController.swift */,
			);
			path = App;
			sourceTree = "<group>";
		};
		4A5B94252A93A7B90062E1B2 /* Resource */ = {
			isa = PBXGroup;
			children = (
				4A5B94132A92F5E80062E1B2 /* Assets.xcassets */,
				4A5B94152A92F5E80062E1B2 /* LaunchScreen.storyboard */,
			);
			path = Resource;
			sourceTree = "<group>";
		};
		4A5B94272A93BE460062E1B2 /* Frameworks */ = {
			isa = PBXGroup;
			children = (
			);
			name = Frameworks;
			sourceTree = "<group>";
		};
/* End PBXGroup section */

/* Begin PBXNativeTarget section */
		4A5B94062A92F5E70062E1B2 /* MovieDB-Modular-VIPER */ = {
			isa = PBXNativeTarget;
			buildConfigurationList = 4A5B941B2A92F5E80062E1B2 /* Build configuration list for PBXNativeTarget "MovieDB-Modular-VIPER" */;
			buildPhases = (
				4A5B94032A92F5E70062E1B2 /* Sources */,
				4A5B94042A92F5E70062E1B2 /* Frameworks */,
				4A5B94052A92F5E70062E1B2 /* Resources */,
			);
			buildRules = (
			);
			dependencies = (
			);
			name = "MovieDB-Modular-VIPER";
			packageProductDependencies = (
				4A5B94282A93BE460062E1B2 /* Common */,
				4A5B942A2A93BE460062E1B2 /* Detail */,
				4A5B942C2A93BE460062E1B2 /* Home */,
			);
			productName = "MovieDB-Modular-VIPER";
			productReference = 4A5B94072A92F5E70062E1B2 /* MovieDB-Modular-VIPER.app */;
			productType = "com.apple.product-type.application";
		};
/* End PBXNativeTarget section */

/* Begin PBXProject section */
		4A5B93FF2A92F5E70062E1B2 /* Project object */ = {
			isa = PBXProject;
			attributes = {
				BuildIndependentTargetsInParallel = 1;
				LastSwiftUpdateCheck = 1430;
				LastUpgradeCheck = 1430;
				TargetAttributes = {
					4A5B94062A92F5E70062E1B2 = {
						CreatedOnToolsVersion = 14.3;
					};
				};
			};
			buildConfigurationList = 4A5B94022A92F5E70062E1B2 /* Build configuration list for PBXProject "MovieDB-Modular-VIPER" */;
			compatibilityVersion = "Xcode 14.0";
			developmentRegion = en;
			hasScannedForEncodings = 0;
			knownRegions = (
				en,
				Base,
			);
			mainGroup = 4A5B93FE2A92F5E70062E1B2;
			productRefGroup = 4A5B94082A92F5E70062E1B2 /* Products */;
			projectDirPath = "";
			projectRoot = "";
			targets = (
				4A5B94062A92F5E70062E1B2 /* MovieDB-Modular-VIPER */,
			);
		};
/* End PBXProject section */

/* Begin PBXResourcesBuildPhase section */
		4A5B94052A92F5E70062E1B2 /* Resources */ = {
			isa = PBXResourcesBuildPhase;
			buildActionMask = 2147483647;
			files = (
				4A5B94172A92F5E80062E1B2 /* LaunchScreen.storyboard in Resources */,
				4A5B94142A92F5E80062E1B2 /* Assets.xcassets in Resources */,
			);
			runOnlyForDeploymentPostprocessing = 0;
		};
/* End PBXResourcesBuildPhase section */

/* Begin PBXSourcesBuildPhase section */
		4A5B94032A92F5E70062E1B2 /* Sources */ = {
			isa = PBXSourcesBuildPhase;
			buildActionMask = 2147483647;
			files = (
				4A5B940F2A92F5E70062E1B2 /* ViewController.swift in Sources */,
				4A5B940B2A92F5E70062E1B2 /* AppDelegate.swift in Sources */,
				4A5B940D2A92F5E70062E1B2 /* SceneDelegate.swift in Sources */,
			);
			runOnlyForDeploymentPostprocessing = 0;
		};
/* End PBXSourcesBuildPhase section */

/* Begin PBXVariantGroup section */
		4A5B94152A92F5E80062E1B2 /* LaunchScreen.storyboard */ = {
			isa = PBXVariantGroup;
			children = (
				4A5B94162A92F5E80062E1B2 /* Base */,
			);
			name = LaunchScreen.storyboard;
			sourceTree = "<group>";
		};
/* End PBXVariantGroup section */

/* Begin XCBuildConfiguration section */
		4A5B94192A92F5E80062E1B2 /* Debug */ = {
			isa = XCBuildConfiguration;
			buildSettings = {
				ALWAYS_SEARCH_USER_PATHS = NO;
				CLANG_ANALYZER_NONNULL = YES;
				CLANG_ANALYZER_NUMBER_OBJECT_CONVERSION = YES_AGGRESSIVE;
				CLANG_CXX_LANGUAGE_STANDARD = "gnu++20";
				CLANG_ENABLE_MODULES = YES;
				CLANG_ENABLE_OBJC_ARC = YES;
				CLANG_ENABLE_OBJC_WEAK = YES;
				CLANG_WARN_BLOCK_CAPTURE_AUTORELEASING = YES;
				CLANG_WARN_BOOL_CONVERSION = YES;
				CLANG_WARN_COMMA = YES;
				CLANG_WARN_CONSTANT_CONVERSION = YES;
				CLANG_WARN_DEPRECATED_OBJC_IMPLEMENTATIONS = YES;
				CLANG_WARN_DIRECT_OBJC_ISA_USAGE = YES_ERROR;
				CLANG_WARN_DOCUMENTATION_COMMENTS = YES;
				CLANG_WARN_EMPTY_BODY = YES;
				CLANG_WARN_ENUM_CONVERSION = YES;
				CLANG_WARN_INFINITE_RECURSION = YES;
				CLANG_WARN_INT_CONVERSION = YES;
				CLANG_WARN_NON_LITERAL_NULL_CONVERSION = YES;
				CLANG_WARN_OBJC_IMPLICIT_RETAIN_SELF = YES;
				CLANG_WARN_OBJC_LITERAL_CONVERSION = YES;
				CLANG_WARN_OBJC_ROOT_CLASS = YES_ERROR;
				CLANG_WARN_QUOTED_INCLUDE_IN_FRAMEWORK_HEADER = YES;
				CLANG_WARN_RANGE_LOOP_ANALYSIS = YES;
				CLANG_WARN_STRICT_PROTOTYPES = YES;
				CLANG_WARN_SUSPICIOUS_MOVE = YES;
				CLANG_WARN_UNGUARDED_AVAILABILITY = YES_AGGRESSIVE;
				CLANG_WARN_UNREACHABLE_CODE = YES;
				CLANG_WARN__DUPLICATE_METHOD_MATCH = YES;
				COPY_PHASE_STRIP = NO;
				DEBUG_INFORMATION_FORMAT = dwarf;
				ENABLE_STRICT_OBJC_MSGSEND = YES;
				ENABLE_TESTABILITY = YES;
				GCC_C_LANGUAGE_STANDARD = gnu11;
				GCC_DYNAMIC_NO_PIC = NO;
				GCC_NO_COMMON_BLOCKS = YES;
				GCC_OPTIMIZATION_LEVEL = 0;
				GCC_PREPROCESSOR_DEFINITIONS = (
					"DEBUG=1",
					"$(inherited)",
				);
				GCC_WARN_64_TO_32_BIT_CONVERSION = YES;
				GCC_WARN_ABOUT_RETURN_TYPE = YES_ERROR;
				GCC_WARN_UNDECLARED_SELECTOR = YES;
				GCC_WARN_UNINITIALIZED_AUTOS = YES_AGGRESSIVE;
				GCC_WARN_UNUSED_FUNCTION = YES;
				GCC_WARN_UNUSED_VARIABLE = YES;
				IPHONEOS_DEPLOYMENT_TARGET = 16.4;
				MTL_ENABLE_DEBUG_INFO = INCLUDE_SOURCE;
				MTL_FAST_MATH = YES;
				ONLY_ACTIVE_ARCH = YES;
				SDKROOT = iphoneos;
				SWIFT_ACTIVE_COMPILATION_CONDITIONS = DEBUG;
				SWIFT_OPTIMIZATION_LEVEL = "-Onone";
			};
			name = Debug;
		};
		4A5B941A2A92F5E80062E1B2 /* Release */ = {
			isa = XCBuildConfiguration;
			buildSettings = {
				ALWAYS_SEARCH_USER_PATHS = NO;
				CLANG_ANALYZER_NONNULL = YES;
				CLANG_ANALYZER_NUMBER_OBJECT_CONVERSION = YES_AGGRESSIVE;
				CLANG_CXX_LANGUAGE_STANDARD = "gnu++20";
				CLANG_ENABLE_MODULES = YES;
				CLANG_ENABLE_OBJC_ARC = YES;
				CLANG_ENABLE_OBJC_WEAK = YES;
				CLANG_WARN_BLOCK_CAPTURE_AUTORELEASING = YES;
				CLANG_WARN_BOOL_CONVERSION = YES;
				CLANG_WARN_COMMA = YES;
				CLANG_WARN_CONSTANT_CONVERSION = YES;
				CLANG_WARN_DEPRECATED_OBJC_IMPLEMENTATIONS = YES;
				CLANG_WARN_DIRECT_OBJC_ISA_USAGE = YES_ERROR;
				CLANG_WARN_DOCUMENTATION_COMMENTS = YES;
				CLANG_WARN_EMPTY_BODY = YES;
				CLANG_WARN_ENUM_CONVERSION = YES;
				CLANG_WARN_INFINITE_RECURSION = YES;
				CLANG_WARN_INT_CONVERSION = YES;
				CLANG_WARN_NON_LITERAL_NULL_CONVERSION = YES;
				CLANG_WARN_OBJC_IMPLICIT_RETAIN_SELF = YES;
				CLANG_WARN_OBJC_LITERAL_CONVERSION = YES;
				CLANG_WARN_OBJC_ROOT_CLASS = YES_ERROR;
				CLANG_WARN_QUOTED_INCLUDE_IN_FRAMEWORK_HEADER = YES;
				CLANG_WARN_RANGE_LOOP_ANALYSIS = YES;
				CLANG_WARN_STRICT_PROTOTYPES = YES;
				CLANG_WARN_SUSPICIOUS_MOVE = YES;
				CLANG_WARN_UNGUARDED_AVAILABILITY = YES_AGGRESSIVE;
				CLANG_WARN_UNREACHABLE_CODE = YES;
				CLANG_WARN__DUPLICATE_METHOD_MATCH = YES;
				COPY_PHASE_STRIP = NO;
				DEBUG_INFORMATION_FORMAT = "dwarf-with-dsym";
				ENABLE_NS_ASSERTIONS = NO;
				ENABLE_STRICT_OBJC_MSGSEND = YES;
				GCC_C_LANGUAGE_STANDARD = gnu11;
				GCC_NO_COMMON_BLOCKS = YES;
				GCC_WARN_64_TO_32_BIT_CONVERSION = YES;
				GCC_WARN_ABOUT_RETURN_TYPE = YES_ERROR;
				GCC_WARN_UNDECLARED_SELECTOR = YES;
				GCC_WARN_UNINITIALIZED_AUTOS = YES_AGGRESSIVE;
				GCC_WARN_UNUSED_FUNCTION = YES;
				GCC_WARN_UNUSED_VARIABLE = YES;
				IPHONEOS_DEPLOYMENT_TARGET = 16.4;
				MTL_ENABLE_DEBUG_INFO = NO;
				MTL_FAST_MATH = YES;
				SDKROOT = iphoneos;
				SWIFT_COMPILATION_MODE = wholemodule;
				SWIFT_OPTIMIZATION_LEVEL = "-O";
				VALIDATE_PRODUCT = YES;
			};
			name = Release;
		};
		4A5B941C2A92F5E80062E1B2 /* Debug */ = {
			isa = XCBuildConfiguration;
			buildSettings = {
				ASSETCATALOG_COMPILER_APPICON_NAME = AppIcon;
				ASSETCATALOG_COMPILER_GLOBAL_ACCENT_COLOR_NAME = AccentColor;
				CODE_SIGN_STYLE = Automatic;
				CURRENT_PROJECT_VERSION = 1;
				DEVELOPMENT_TEAM = KR56UH6MNG;
				GENERATE_INFOPLIST_FILE = YES;
				INFOPLIST_FILE = "MovieDB-Modular-VIPER/Info.plist";
				INFOPLIST_KEY_UIApplicationSupportsIndirectInputEvents = YES;
				INFOPLIST_KEY_UILaunchStoryboardName = LaunchScreen;
				INFOPLIST_KEY_UISupportedInterfaceOrientations = UIInterfaceOrientationPortrait;
				INFOPLIST_KEY_UISupportedInterfaceOrientations_iPad = "UIInterfaceOrientationLandscapeLeft UIInterfaceOrientationLandscapeRight UIInterfaceOrientationPortrait UIInterfaceOrientationPortraitUpsideDown";
				LD_RUNPATH_SEARCH_PATHS = (
					"$(inherited)",
					"@executable_path/Frameworks",
				);
				MARKETING_VERSION = 1.0;
				PRODUCT_BUNDLE_IDENTIFIER = "com.finnchristoffer.MovieDB-Modular-VIPER";
				PRODUCT_NAME = "$(TARGET_NAME)";
				SUPPORTED_PLATFORMS = "iphoneos iphonesimulator";
				SUPPORTS_MACCATALYST = NO;
				SUPPORTS_MAC_DESIGNED_FOR_IPHONE_IPAD = NO;
				SWIFT_EMIT_LOC_STRINGS = YES;
				SWIFT_VERSION = 5.0;
				TARGETED_DEVICE_FAMILY = 1;
			};
			name = Debug;
		};
		4A5B941D2A92F5E80062E1B2 /* Release */ = {
			isa = XCBuildConfiguration;
			buildSettings = {
				ASSETCATALOG_COMPILER_APPICON_NAME = AppIcon;
				ASSETCATALOG_COMPILER_GLOBAL_ACCENT_COLOR_NAME = AccentColor;
				CODE_SIGN_STYLE = Automatic;
				CURRENT_PROJECT_VERSION = 1;
				DEVELOPMENT_TEAM = KR56UH6MNG;
				GENERATE_INFOPLIST_FILE = YES;
				INFOPLIST_FILE = "MovieDB-Modular-VIPER/Info.plist";
				INFOPLIST_KEY_UIApplicationSupportsIndirectInputEvents = YES;
				INFOPLIST_KEY_UILaunchStoryboardName = LaunchScreen;
				INFOPLIST_KEY_UISupportedInterfaceOrientations = UIInterfaceOrientationPortrait;
				INFOPLIST_KEY_UISupportedInterfaceOrientations_iPad = "UIInterfaceOrientationLandscapeLeft UIInterfaceOrientationLandscapeRight UIInterfaceOrientationPortrait UIInterfaceOrientationPortraitUpsideDown";
				LD_RUNPATH_SEARCH_PATHS = (
					"$(inherited)",
					"@executable_path/Frameworks",
				);
				MARKETING_VERSION = 1.0;
				PRODUCT_BUNDLE_IDENTIFIER = "com.finnchristoffer.MovieDB-Modular-VIPER";
				PRODUCT_NAME = "$(TARGET_NAME)";
				SUPPORTED_PLATFORMS = "iphoneos iphonesimulator";
				SUPPORTS_MACCATALYST = NO;
				SUPPORTS_MAC_DESIGNED_FOR_IPHONE_IPAD = NO;
				SWIFT_EMIT_LOC_STRINGS = YES;
				SWIFT_VERSION = 5.0;
				TARGETED_DEVICE_FAMILY = 1;
			};
			name = Release;
		};
/* End XCBuildConfiguration section */

/* Begin XCConfigurationList section */
		4A5B94022A92F5E70062E1B2 /* Build configuration list for PBXProject "MovieDB-Modular-VIPER" */ = {
			isa = XCConfigurationList;
			buildConfigurations = (
				4A5B94192A92F5E80062E1B2 /* Debug */,
				4A5B941A2A92F5E80062E1B2 /* Release */,
			);
			defaultConfigurationIsVisible = 0;
			defaultConfigurationName = Release;
		};
		4A5B941B2A92F5E80062E1B2 /* Build configuration list for PBXNativeTarget "MovieDB-Modular-VIPER" */ = {
			isa = XCConfigurationList;
			buildConfigurations = (
				4A5B941C2A92F5E80062E1B2 /* Debug */,
				4A5B941D2A92F5E80062E1B2 /* Release */,
			);
			defaultConfigurationIsVisible = 0;
			defaultConfigurationName = Release;
		};
/* End XCConfigurationList section */

/* Begin XCSwiftPackageProductDependency section */
		4A5B94282A93BE460062E1B2 /* Common */ = {
			isa = XCSwiftPackageProductDependency;
			productName = Common;
		};
		4A5B942A2A93BE460062E1B2 /* Detail */ = {
			isa = XCSwiftPackageProductDependency;
			productName = Detail;
		};
		4A5B942C2A93BE460062E1B2 /* Home */ = {
			isa = XCSwiftPackageProductDependency;
			productName = Home;
		};
/* End XCSwiftPackageProductDependency section */
	};
	rootObject = 4A5B93FF2A92F5E70062E1B2 /* Project object */;
}
